// !$*UTF8*$!
{
	archiveVersion = 1;
	classes = {
	};
	objectVersion = 77;
	objects = {

/* Begin PBXBuildFile section */
		8BC5E78230531E9A00A118E1 /* RevenueCat in Frameworks */ = {isa = PBXBuildFile; productRef = 8BC5E78130531E9A00A118E1 /* RevenueCat */; };
		8BC5E78430531E9A00A118E1 /* RevenueCatUI in Frameworks */ = {isa = PBXBuildFile; productRef = 8BC5E78330531E9A00A118E1 /* RevenueCatUI */; };
		8BC5E78530531E9A00A118E1 /* OneSignalFramework in Frameworks */ = {isa = PBXBuildFile; productRef = 8BC5E78730531E9A00A118E1 /* OneSignalFramework */; };
		8BC5E79030531E9A00A118E1 /* OneSignalExtension in Frameworks */ = {isa = PBXBuildFile; productRef = 8BC5E79F30531E9A00A118E1 /* OneSignalExtension */; };
		8BC5E79130531E9A00A118E1 /* OneSignalNotificationServiceExtension.appex in Embed Foundation Extensions */ = {isa = PBXBuildFile; fileRef = 8BC5E79430531E9A00A118E1 /* OneSignalNotificationServiceExtension.appex */; settings = {ATTRIBUTES = (RemoveHeadersOnCopy, ); }; };
/* End PBXBuildFile section */

/* Begin PBXContainerItemProxy section */
		8BC5E76430531C6300A118E1 /* PBXContainerItemProxy */ = {
			isa = PBXContainerItemProxy;
			containerPortal = 8BC5E74D30531C6000A118E1 /* Project object */;
			proxyType = 1;
			remoteGlobalIDString = 8BC5E75430531C6000A118E1;
			remoteInfo = Offset;
		};
		8BC5E76E30531C6300A118E1 /* PBXContainerItemProxy */ = {
			isa = PBXContainerItemProxy;
			containerPortal = 8BC5E74D30531C6000A118E1 /* Project object */;
			proxyType = 1;
			remoteGlobalIDString = 8BC5E75430531C6000A118E1;
			remoteInfo = Offset;
		};
		8BC5E79230531E9A00A118E1 /* PBXContainerItemProxy */ = {
			isa = PBXContainerItemProxy;
			containerPortal = 8BC5E74D30531C6000A118E1 /* Project object */;
			proxyType = 1;
			remoteGlobalIDString = 8BC5E79830531E9A00A118E1;
			remoteInfo = OneSignalNotificationServiceExtension;
		};
/* End PBXContainerItemProxy section */

/* Begin PBXCopyFilesBuildPhase section */
		8BC5E79330531E9A00A118E1 /* Embed Foundation Extensions */ = {
			isa = PBXCopyFilesBuildPhase;
			buildActionMask = 2147483647;
			dstPath = "";
			dstSubfolderSpec = 13;
			files = (
				8BC5E79130531E9A00A118E1 /* OneSignalNotificationServiceExtension.appex in Embed Foundation Extensions */,
			);
			name = "Embed Foundation Extensions";
			runOnlyForDeploymentPostprocessing = 0;
		};
/* End PBXCopyFilesBuildPhase section */

/* Begin PBXFileReference section */
		8BC5E75530531C6000A118E1 /* Offset.app */ = {isa = PBXFileReference; explicitFileType = wrapper.application; includeInIndex = 0; path = Offset.app; sourceTree = BUILT_PRODUCTS_DIR; };
		8BC5E76330531C6300A118E1 /* OffsetTests.xctest */ = {isa = PBXFileReference; explicitFileType = wrapper.cfbundle; includeInIndex = 0; path = OffsetTests.xctest; sourceTree = BUILT_PRODUCTS_DIR; };
		8BC5E76D30531C6300A118E1 /* OffsetUITests.xctest */ = {isa = PBXFileReference; explicitFileType = wrapper.cfbundle; includeInIndex = 0; path = OffsetUITests.xctest; sourceTree = BUILT_PRODUCTS_DIR; };
		8BC5E78830531E9A00A118E1 /* Offset/Configuration/Debug.xcconfig */ = {isa = PBXFileReference; lastKnownFileType = text.xcconfig; path = Offset/Configuration/Debug.xcconfig; sourceTree = SOURCE_ROOT; };
		8BC5E78930531E9A00A118E1 /* Offset/Configuration/Release.xcconfig */ = {isa = PBXFileReference; lastKnownFileType = text.xcconfig; path = Offset/Configuration/Release.xcconfig; sourceTree = SOURCE_ROOT; };
		8BC5E79430531E9A00A118E1 /* OneSignalNotificationServiceExtension.appex */ = {isa = PBXFileReference; explicitFileType = "wrapper.app-extension"; includeInIndex = 0; path = OneSignalNotificationServiceExtension.appex; sourceTree = BUILT_PRODUCTS_DIR; };
/* End PBXFileReference section */

/* Begin PBXFileSystemSynchronizedBuildFileExceptionSet section */
		8BC5E78B30531E9A00A118E1 /* Exceptions for "Offset" folder in "Offset" target */ = {
			isa = PBXFileSystemSynchronizedBuildFileExceptionSet;
			membershipExceptions = (
				Configuration/Debug.xcconfig,
				Configuration/Release.xcconfig,
				Configuration/Secrets.example.xcconfig,
				Configuration/Secrets.xcconfig,
				Configuration/Shared.xcconfig,
				Info.plist,
				Offset.entitlements,
				Offset.Personal.entitlements,
				Resources/Offset.storekit,
				Resources/programs.json,
				Resources/programs.schema.json,
			);
			target = 8BC5E75430531C6000A118E1 /* Offset */;
		};
		8BC5E79530531E9A00A118E1 /* Exceptions for "OneSignalNotificationServiceExtension" folder */ = {
			isa = PBXFileSystemSynchronizedBuildFileExceptionSet;
			membershipExceptions = (
				Info.plist,
				OneSignalNotificationServiceExtension.entitlements,
			);
			target = 8BC5E79830531E9A00A118E1 /* OneSignalNotificationServiceExtension */;
		};
/* End PBXFileSystemSynchronizedBuildFileExceptionSet section */

/* Begin PBXFileSystemSynchronizedRootGroup section */
		8BC5E75730531C6000A118E1 /* Offset */ = {
			isa = PBXFileSystemSynchronizedRootGroup;
			exceptions = (
				8BC5E78B30531E9A00A118E1 /* Exceptions for "Offset" folder in "Offset" target */,
			);
			path = Offset;
			sourceTree = "<group>";
		};
		8BC5E76630531C6300A118E1 /* OffsetTests */ = {
			isa = PBXFileSystemSynchronizedRootGroup;
			path = OffsetTests;
			sourceTree = "<group>";
		};
		8BC5E77030531C6300A118E1 /* OffsetUITests */ = {
			isa = PBXFileSystemSynchronizedRootGroup;
			path = OffsetUITests;
			sourceTree = "<group>";
		};
		8BC5E79630531E9A00A118E1 /* OneSignalNotificationServiceExtension */ = {
			isa = PBXFileSystemSynchronizedRootGroup;
			exceptions = (
				8BC5E79530531E9A00A118E1 /* Exceptions for "OneSignalNotificationServiceExtension" folder */,
			);
			path = OneSignalNotificationServiceExtension;
			sourceTree = "<group>";
		};
/* End PBXFileSystemSynchronizedRootGroup section */

/* Begin PBXFrameworksBuildPhase section */
		8BC5E75230531C6000A118E1 /* Frameworks */ = {
			isa = PBXFrameworksBuildPhase;
			buildActionMask = 2147483647;
			files = (
				8BC5E78530531E9A00A118E1 /* OneSignalFramework in Frameworks */,
				8BC5E78430531E9A00A118E1 /* RevenueCatUI in Frameworks */,
				8BC5E78230531E9A00A118E1 /* RevenueCat in Frameworks */,
			);
			runOnlyForDeploymentPostprocessing = 0;
		};
		8BC5E76030531C6300A118E1 /* Frameworks */ = {
			isa = PBXFrameworksBuildPhase;
			buildActionMask = 2147483647;
			files = (
			);
			runOnlyForDeploymentPostprocessing = 0;
		};
		8BC5E76A30531C6300A118E1 /* Frameworks */ = {
			isa = PBXFrameworksBuildPhase;
			buildActionMask = 2147483647;
			files = (
			);
			runOnlyForDeploymentPostprocessing = 0;
		};
		8BC5E79730531E9A00A118E1 /* Frameworks */ = {
			isa = PBXFrameworksBuildPhase;
			buildActionMask = 2147483647;
			files = (
				8BC5E79030531E9A00A118E1 /* OneSignalExtension in Frameworks */,
			);
			runOnlyForDeploymentPostprocessing = 0;
		};
/* End PBXFrameworksBuildPhase section */

/* Begin PBXGroup section */
		8BC5E74C30531C6000A118E1 = {
			isa = PBXGroup;
			children = (
				8BC5E78A30531E9A00A118E1 /* Build Configuration */,
				8BC5E75730531C6000A118E1 /* Offset */,
				8BC5E79630531E9A00A118E1 /* OneSignalNotificationServiceExtension */,
				8BC5E76630531C6300A118E1 /* OffsetTests */,
				8BC5E77030531C6300A118E1 /* OffsetUITests */,
				8BC5E75630531C6000A118E1 /* Products */,
			);
			sourceTree = "<group>";
		};
		8BC5E75630531C6000A118E1 /* Products */ = {
			isa = PBXGroup;
			children = (
				8BC5E75530531C6000A118E1 /* Offset.app */,
				8BC5E79430531E9A00A118E1 /* OneSignalNotificationServiceExtension.appex */,
				8BC5E76330531C6300A118E1 /* OffsetTests.xctest */,
				8BC5E76D30531C6300A118E1 /* OffsetUITests.xctest */,
			);
			name = Products;
			sourceTree = "<group>";
		};
		8BC5E78A30531E9A00A118E1 /* Build Configuration */ = {
			isa = PBXGroup;
			children = (
				8BC5E78830531E9A00A118E1 /* Offset/Configuration/Debug.xcconfig */,
				8BC5E78930531E9A00A118E1 /* Offset/Configuration/Release.xcconfig */,
			);
			name = "Build Configuration";
			sourceTree = "<group>";
		};
/* End PBXGroup section */

/* Begin PBXNativeTarget section */
		8BC5E75430531C6000A118E1 /* Offset */ = {
			isa = PBXNativeTarget;
			buildConfigurationList = 8BC5E77730531C6300A118E1 /* Build configuration list for PBXNativeTarget "Offset" */;
			buildPhases = (
				8BC5E75130531C6000A118E1 /* Sources */,
				8BC5E75230531C6000A118E1 /* Frameworks */,
				8BC5E75330531C6000A118E1 /* Resources */,
				8BC5E7A030531E9A00A118E1 /* Install Debug Incentive Fixture */,
				8BC5E79330531E9A00A118E1 /* Embed Foundation Extensions */,
			);
			buildRules = (
			);
			dependencies = (
				8BC5E79B30531E9A00A118E1 /* PBXTargetDependency */,
			);
			fileSystemSynchronizedGroups = (
				8BC5E75730531C6000A118E1 /* Offset */,
			);
			name = Offset;
			packageProductDependencies = (
				8BC5E78130531E9A00A118E1 /* RevenueCat */,
				8BC5E78330531E9A00A118E1 /* RevenueCatUI */,
				8BC5E78730531E9A00A118E1 /* OneSignalFramework */,
			);
			productName = Offset;
			productReference = 8BC5E75530531C6000A118E1 /* Offset.app */;
			productType = "com.apple.product-type.application";
		};
		8BC5E79830531E9A00A118E1 /* OneSignalNotificationServiceExtension */ = {
			isa = PBXNativeTarget;
			buildConfigurationList = 8BC5E79E30531E9A00A118E1 /* Build configuration list for PBXNativeTarget "OneSignalNotificationServiceExtension" */;
			buildPhases = (
				8BC5E79A30531E9A00A118E1 /* Sources */,
				8BC5E79730531E9A00A118E1 /* Frameworks */,
				8BC5E79930531E9A00A118E1 /* Resources */,
			);
			buildRules = (
			);
			dependencies = (
			);
			fileSystemSynchronizedGroups = (
				8BC5E79630531E9A00A118E1 /* OneSignalNotificationServiceExtension */,
			);
			name = OneSignalNotificationServiceExtension;
			packageProductDependencies = (
				8BC5E79F30531E9A00A118E1 /* OneSignalExtension */,
			);
			productName = OneSignalNotificationServiceExtension;
			productReference = 8BC5E79430531E9A00A118E1 /* OneSignalNotificationServiceExtension.appex */;
			productType = "com.apple.product-type.app-extension";
		};
		8BC5E76230531C6300A118E1 /* OffsetTests */ = {
			isa = PBXNativeTarget;
			buildConfigurationList = 8BC5E77A30531C6300A118E1 /* Build configuration list for PBXNativeTarget "OffsetTests" */;
			buildPhases = (
				8BC5E75F30531C6300A118E1 /* Sources */,
				8BC5E76030531C6300A118E1 /* Frameworks */,
				8BC5E76130531C6300A118E1 /* Resources */,
			);
			buildRules = (
			);
			dependencies = (
				8BC5E76530531C6300A118E1 /* PBXTargetDependency */,
			);
			fileSystemSynchronizedGroups = (
				8BC5E76630531C6300A118E1 /* OffsetTests */,
			);
			name = OffsetTests;
			packageProductDependencies = (
			);
			productName = OffsetTests;
			productReference = 8BC5E76330531C6300A118E1 /* OffsetTests.xctest */;
			productType = "com.apple.product-type.bundle.unit-test";
		};
		8BC5E76C30531C6300A118E1 /* OffsetUITests */ = {
			isa = PBXNativeTarget;
			buildConfigurationList = 8BC5E77D30531C6300A118E1 /* Build configuration list for PBXNativeTarget "OffsetUITests" */;
			buildPhases = (
				8BC5E76930531C6300A118E1 /* Sources */,
				8BC5E76A30531C6300A118E1 /* Frameworks */,
				8BC5E76B30531C6300A118E1 /* Resources */,
			);
			buildRules = (
			);
			dependencies = (
				8BC5E76F30531C6300A118E1 /* PBXTargetDependency */,
			);
			fileSystemSynchronizedGroups = (
				8BC5E77030531C6300A118E1 /* OffsetUITests */,
			);
			name = OffsetUITests;
			packageProductDependencies = (
			);
			productName = OffsetUITests;
			productReference = 8BC5E76D30531C6300A118E1 /* OffsetUITests.xctest */;
			productType = "com.apple.product-type.bundle.ui-testing";
		};
/* End PBXNativeTarget section */

/* Begin PBXProject section */
		8BC5E74D30531C6000A118E1 /* Project object */ = {
			isa = PBXProject;
			attributes = {
				BuildIndependentTargetsInParallel = 1;
				LastSwiftUpdateCheck = 2660;
				LastUpgradeCheck = 2660;
				TargetAttributes = {
					8BC5E75430531C6000A118E1 = {
						CreatedOnToolsVersion = 16.4;
						SystemCapabilities = {
							com.apple.ApplicationGroups = {
								enabled = 1;
							};
							com.apple.BackgroundModes = {
								enabled = 1;
							};
							com.apple.InAppPurchase = {
								enabled = 1;
							};
							com.apple.Push = {
								enabled = 1;
							};
						};
					};
					8BC5E76230531C6300A118E1 = {
						CreatedOnToolsVersion = 16.4;
						TestTargetID = 8BC5E75430531C6000A118E1;
					};
					8BC5E76C30531C6300A118E1 = {
						CreatedOnToolsVersion = 16.4;
						TestTargetID = 8BC5E75430531C6000A118E1;
					};
					8BC5E79830531E9A00A118E1 = {
						CreatedOnToolsVersion = 17.0;
						SystemCapabilities = {
							com.apple.ApplicationGroups = {
								enabled = 1;
							};
						};
					};
				};
			};
			buildConfigurationList = 8BC5E75030531C6000A118E1 /* Build configuration list for PBXProject "Offset" */;
			developmentRegion = en;
			hasScannedForEncodings = 0;
			knownRegions = (
				en,
				Base,
			);
			mainGroup = 8BC5E74C30531C6000A118E1;
			minimizedProjectReferenceProxies = 1;
			packageReferences = (
				8BC5E78030531E9A00A118E1 /* XCRemoteSwiftPackageReference "purchases-ios-spm" */,
				8BC5E78630531E9A00A118E1 /* XCRemoteSwiftPackageReference "OneSignal-XCFramework" */,
			);
			preferredProjectObjectVersion = 77;
			productRefGroup = 8BC5E75630531C6000A118E1 /* Products */;
			projectDirPath = "";
			projectRoot = "";
			targets = (
				8BC5E75430531C6000A118E1 /* Offset */,
				8BC5E76230531C6300A118E1 /* OffsetTests */,
				8BC5E76C30531C6300A118E1 /* OffsetUITests */,
				8BC5E79830531E9A00A118E1 /* OneSignalNotificationServiceExtension */,
			);
		};
/* End PBXProject section */

/* Begin PBXResourcesBuildPhase section */
		8BC5E75330531C6000A118E1 /* Resources */ = {
			isa = PBXResourcesBuildPhase;
			buildActionMask = 2147483647;
			files = (
			);
			runOnlyForDeploymentPostprocessing = 0;
		};
		8BC5E76130531C6300A118E1 /* Resources */ = {
			isa = PBXResourcesBuildPhase;
			buildActionMask = 2147483647;
			files = (
			);
			runOnlyForDeploymentPostprocessing = 0;
		};
		8BC5E76B30531C6300A118E1 /* Resources */ = {
			isa = PBXResourcesBuildPhase;
			buildActionMask = 2147483647;
			files = (
			);
			runOnlyForDeploymentPostprocessing = 0;
		};
		8BC5E79930531E9A00A118E1 /* Resources */ = {
			isa = PBXResourcesBuildPhase;
			buildActionMask = 2147483647;
			files = (
			);
			runOnlyForDeploymentPostprocessing = 0;
		};
/* End PBXResourcesBuildPhase section */

/* Begin PBXShellScriptBuildPhase section */
		8BC5E7A030531E9A00A118E1 /* Install Debug Incentive Fixture */ = {
			isa = PBXShellScriptBuildPhase;
			buildActionMask = 2147483647;
			files = (
			);
			inputPaths = (
				"$(SRCROOT)/Data/offset_seed.json",
			);
			name = "Install Debug Incentive Fixture";
			outputPaths = (
				"$(TARGET_BUILD_DIR)/$(UNLOCALIZED_RESOURCES_FOLDER_PATH)/offset_seed_debug.json",
			);
			runOnlyForDeploymentPostprocessing = 0;
			shellPath = /bin/sh;
			shellScript = "if [ \"$CONFIGURATION\" = \"Debug\" ]; then\n  cp \"$SRCROOT/Data/offset_seed.json\" \"$TARGET_BUILD_DIR/$UNLOCALIZED_RESOURCES_FOLDER_PATH/offset_seed_debug.json\"\nfi\n";
		};
/* End PBXShellScriptBuildPhase section */

/* Begin PBXSourcesBuildPhase section */
		8BC5E75130531C6000A118E1 /* Sources */ = {
			isa = PBXSourcesBuildPhase;
			buildActionMask = 2147483647;
			files = (
			);
			runOnlyForDeploymentPostprocessing = 0;
		};
		8BC5E75F30531C6300A118E1 /* Sources */ = {
			isa = PBXSourcesBuildPhase;
			buildActionMask = 2147483647;
			files = (
			);
			runOnlyForDeploymentPostprocessing = 0;
		};
		8BC5E76930531C6300A118E1 /* Sources */ = {
			isa = PBXSourcesBuildPhase;
			buildActionMask = 2147483647;
			files = (
			);
			runOnlyForDeploymentPostprocessing = 0;
		};
		8BC5E79A30531E9A00A118E1 /* Sources */ = {
			isa = PBXSourcesBuildPhase;
			buildActionMask = 2147483647;
			files = (
			);
			runOnlyForDeploymentPostprocessing = 0;
		};
/* End PBXSourcesBuildPhase section */

/* Begin PBXTargetDependency section */
		8BC5E76530531C6300A118E1 /* PBXTargetDependency */ = {
			isa = PBXTargetDependency;
			target = 8BC5E75430531C6000A118E1 /* Offset */;
			targetProxy = 8BC5E76430531C6300A118E1 /* PBXContainerItemProxy */;
		};
		8BC5E76F30531C6300A118E1 /* PBXTargetDependency */ = {
			isa = PBXTargetDependency;
			target = 8BC5E75430531C6000A118E1 /* Offset */;
			targetProxy = 8BC5E76E30531C6300A118E1 /* PBXContainerItemProxy */;
		};
		8BC5E79B30531E9A00A118E1 /* PBXTargetDependency */ = {
			isa = PBXTargetDependency;
			target = 8BC5E79830531E9A00A118E1 /* OneSignalNotificationServiceExtension */;
			targetProxy = 8BC5E79230531E9A00A118E1 /* PBXContainerItemProxy */;
		};
/* End PBXTargetDependency section */

/* Begin XCBuildConfiguration section */
		8BC5E77530531C6300A118E1 /* Debug */ = {
			isa = XCBuildConfiguration;
			buildSettings = {
				ALWAYS_SEARCH_USER_PATHS = NO;
				ASSETCATALOG_COMPILER_GENERATE_SWIFT_ASSET_SYMBOL_EXTENSIONS = YES;
				CLANG_ANALYZER_NONNULL = YES;
				CLANG_ANALYZER_NUMBER_OBJECT_CONVERSION = YES_AGGRESSIVE;
				CLANG_CXX_LANGUAGE_STANDARD = "gnu++20";
				CLANG_ENABLE_MODULES = YES;
				CLANG_ENABLE_OBJC_ARC = YES;
				CLANG_ENABLE_OBJC_WEAK = YES;
				CLANG_WARN_BLOCK_CAPTURE_AUTORELEASING = YES;
				CLANG_WARN_BOOL_CONVERSION = YES;
				CLANG_WARN_COMMA = YES;
				CLANG_WARN_CONSTANT_CONVERSION = YES;
				CLANG_WARN_DEPRECATED_OBJC_IMPLEMENTATIONS = YES;
				CLANG_WARN_DIRECT_OBJC_ISA_USAGE = YES_ERROR;
				CLANG_WARN_DOCUMENTATION_COMMENTS = YES;
				CLANG_WARN_EMPTY_BODY = YES;
				CLANG_WARN_ENUM_CONVERSION = YES;
				CLANG_WARN_INFINITE_RECURSION = YES;
				CLANG_WARN_INT_CONVERSION = YES;
				CLANG_WARN_NON_LITERAL_NULL_CONVERSION = YES;
				CLANG_WARN_OBJC_IMPLICIT_RETAIN_SELF = YES;
				CLANG_WARN_OBJC_LITERAL_CONVERSION = YES;
				CLANG_WARN_OBJC_ROOT_CLASS = YES_ERROR;
				CLANG_WARN_QUOTED_INCLUDE_IN_FRAMEWORK_HEADER = YES;
				CLANG_WARN_RANGE_LOOP_ANALYSIS = YES;
				CLANG_WARN_STRICT_PROTOTYPES = YES;
				CLANG_WARN_SUSPICIOUS_MOVE = YES;
				CLANG_WARN_UNGUARDED_AVAILABILITY = YES_AGGRESSIVE;
				CLANG_WARN_UNREACHABLE_CODE = YES;
				CLANG_WARN__DUPLICATE_METHOD_MATCH = YES;
				COPY_PHASE_STRIP = NO;
				DEBUG_INFORMATION_FORMAT = dwarf;
				DEVELOPMENT_TEAM = R468B3M52S;
				ENABLE_STRICT_OBJC_MSGSEND = YES;
				ENABLE_TESTABILITY = YES;
				ENABLE_USER_SCRIPT_SANDBOXING = YES;
				GCC_C_LANGUAGE_STANDARD = gnu17;
				GCC_DYNAMIC_NO_PIC = NO;
				GCC_NO_COMMON_BLOCKS = YES;
				GCC_OPTIMIZATION_LEVEL = 0;
				GCC_PREPROCESSOR_DEFINITIONS = (
					"DEBUG=1",
					"$(inherited)",
				);
				GCC_WARN_64_TO_32_BIT_CONVERSION = YES;
				GCC_WARN_ABOUT_RETURN_TYPE = YES_ERROR;
				GCC_WARN_UNDECLARED_SELECTOR = YES;
				GCC_WARN_UNINITIALIZED_AUTOS = YES_AGGRESSIVE;
				GCC_WARN_UNUSED_FUNCTION = YES;
				GCC_WARN_UNUSED_VARIABLE = YES;
				IPHONEOS_DEPLOYMENT_TARGET = 16.0;
				LOCALIZATION_PREFERS_STRING_CATALOGS = YES;
				MTL_ENABLE_DEBUG_INFO = INCLUDE_SOURCE;
				MTL_FAST_MATH = YES;
				ONLY_ACTIVE_ARCH = YES;
				SDKROOT = iphoneos;
				STRING_CATALOG_GENERATE_SYMBOLS = YES;
				SWIFT_ACTIVE_COMPILATION_CONDITIONS = "DEBUG $(inherited)";
				SWIFT_OPTIMIZATION_LEVEL = "-Onone";
			};
			name = Debug;
		};
		8BC5E77630531C6300A118E1 /* Release */ = {
			isa = XCBuildConfiguration;
			buildSettings = {
				ALWAYS_SEARCH_USER_PATHS = NO;
				ASSETCATALOG_COMPILER_GENERATE_SWIFT_ASSET_SYMBOL_EXTENSIONS = YES;
				CLANG_ANALYZER_NONNULL = YES;
				CLANG_ANALYZER_NUMBER_OBJECT_CONVERSION = YES_AGGRESSIVE;
				CLANG_CXX_LANGUAGE_STANDARD = "gnu++20";
				CLANG_ENABLE_MODULES = YES;
				CLANG_ENABLE_OBJC_ARC = YES;
				CLANG_ENABLE_OBJC_WEAK = YES;
				CLANG_WARN_BLOCK_CAPTURE_AUTORELEASING = YES;
				CLANG_WARN_BOOL_CONVERSION = YES;
				CLANG_WARN_COMMA = YES;
				CLANG_WARN_CONSTANT_CONVERSION = YES;
				CLANG_WARN_DEPRECATED_OBJC_IMPLEMENTATIONS = YES;
				CLANG_WARN_DIRECT_OBJC_ISA_USAGE = YES_ERROR;
				CLANG_WARN_DOCUMENTATION_COMMENTS = YES;
				CLANG_WARN_EMPTY_BODY = YES;
				CLANG_WARN_ENUM_CONVERSION = YES;
				CLANG_WARN_INFINITE_RECURSION = YES;
				CLANG_WARN_INT_CONVERSION = YES;
				CLANG_WARN_NON_LITERAL_NULL_CONVERSION = YES;
				CLANG_WARN_OBJC_IMPLICIT_RETAIN_SELF = YES;
				CLANG_WARN_OBJC_LITERAL_CONVERSION = YES;
				CLANG_WARN_OBJC_ROOT_CLASS = YES_ERROR;
				CLANG_WARN_QUOTED_INCLUDE_IN_FRAMEWORK_HEADER = YES;
				CLANG_WARN_RANGE_LOOP_ANALYSIS = YES;
				CLANG_WARN_STRICT_PROTOTYPES = YES;
				CLANG_WARN_SUSPICIOUS_MOVE = YES;
				CLANG_WARN_UNGUARDED_AVAILABILITY = YES_AGGRESSIVE;
				CLANG_WARN_UNREACHABLE_CODE = YES;
				CLANG_WARN__DUPLICATE_METHOD_MATCH = YES;
				COPY_PHASE_STRIP = NO;
				DEBUG_INFORMATION_FORMAT = "dwarf-with-dsym";
				DEVELOPMENT_TEAM = R468B3M52S;
				ENABLE_NS_ASSERTIONS = NO;
				ENABLE_STRICT_OBJC_MSGSEND = YES;
				ENABLE_USER_SCRIPT_SANDBOXING = YES;
				GCC_C_LANGUAGE_STANDARD = gnu17;
				GCC_NO_COMMON_BLOCKS = YES;
				GCC_WARN_64_TO_32_BIT_CONVERSION = YES;
				GCC_WARN_ABOUT_RETURN_TYPE = YES_ERROR;
				GCC_WARN_UNDECLARED_SELECTOR = YES;
				GCC_WARN_UNINITIALIZED_AUTOS = YES_AGGRESSIVE;
				GCC_WARN_UNUSED_FUNCTION = YES;
				GCC_WARN_UNUSED_VARIABLE = YES;
				IPHONEOS_DEPLOYMENT_TARGET = 16.0;
				LOCALIZATION_PREFERS_STRING_CATALOGS = YES;
				MTL_ENABLE_DEBUG_INFO = NO;
				MTL_FAST_MATH = YES;
				SDKROOT = iphoneos;
				STRING_CATALOG_GENERATE_SYMBOLS = YES;
				SWIFT_COMPILATION_MODE = wholemodule;
			};
			name = Release;
		};
		8BC5E77830531C6300A118E1 /* Debug */ = {
			isa = XCBuildConfiguration;
			baseConfigurationReference = 8BC5E78830531E9A00A118E1 /* Offset/Configuration/Debug.xcconfig */;
			buildSettings = {
				ASSETCATALOG_COMPILER_APPICON_NAME = AppIcon;
				ASSETCATALOG_COMPILER_GLOBAL_ACCENT_COLOR_NAME = AccentColor;
				CODE_SIGN_STYLE = Automatic;
				CURRENT_PROJECT_VERSION = 7;
				DEVELOPMENT_TEAM = R468B3M52S;
				ENABLE_PREVIEWS = YES;
				GENERATE_INFOPLIST_FILE = NO;
				INFOPLIST_FILE = Offset/Info.plist;
				INFOPLIST_KEY_UIBackgroundModes = "remote-notification";
				LD_RUNPATH_SEARCH_PATHS = (
					"$(inherited)",
					"@executable_path/Frameworks",
				);
				MARKETING_VERSION = 1.0;
				PRODUCT_BUNDLE_IDENTIFIER = com.sujal.Offset;
				PRODUCT_NAME = "$(TARGET_NAME)";
				SUPPORTED_PLATFORMS = "iphoneos iphonesimulator";
				SWIFT_EMIT_LOC_STRINGS = YES;
				SWIFT_VERSION = 5.0;
				TARGETED_DEVICE_FAMILY = "1,2";
			};
			name = Debug;
		};
		8BC5E77930531C6300A118E1 /* Release */ = {
			isa = XCBuildConfiguration;
			baseConfigurationReference = 8BC5E78930531E9A00A118E1 /* Offset/Configuration/Release.xcconfig */;
			buildSettings = {
				ASSETCATALOG_COMPILER_APPICON_NAME = AppIcon;
				ASSETCATALOG_COMPILER_GLOBAL_ACCENT_COLOR_NAME = AccentColor;
				CODE_SIGN_ENTITLEMENTS = Offset/Offset.entitlements;
				CODE_SIGN_STYLE = Automatic;
				CURRENT_PROJECT_VERSION = 7;
				DEVELOPMENT_TEAM = R468B3M52S;
				ENABLE_PREVIEWS = YES;
				GENERATE_INFOPLIST_FILE = NO;
				INFOPLIST_FILE = Offset/Info.plist;
				INFOPLIST_KEY_UIBackgroundModes = "remote-notification";
				LD_RUNPATH_SEARCH_PATHS = (
					"$(inherited)",
					"@executable_path/Frameworks",
				);
				MARKETING_VERSION = 1.0;
				PRODUCT_BUNDLE_IDENTIFIER = com.sujal.Offset;
				PRODUCT_NAME = "$(TARGET_NAME)";
				SUPPORTED_PLATFORMS = "iphoneos iphonesimulator";
				SWIFT_EMIT_LOC_STRINGS = YES;
				SWIFT_VERSION = 5.0;
				TARGETED_DEVICE_FAMILY = "1,2";
			};
			name = Release;
		};
		8BC5E77B30531C6300A118E1 /* Debug */ = {
			isa = XCBuildConfiguration;
			buildSettings = {
				BUNDLE_LOADER = "$(TEST_HOST)";
				CODE_SIGN_STYLE = Automatic;
				CURRENT_PROJECT_VERSION = 7;
				DEVELOPMENT_TEAM = R468B3M52S;
				GENERATE_INFOPLIST_FILE = YES;
				IPHONEOS_DEPLOYMENT_TARGET = 16.0;
				MARKETING_VERSION = 1.0;
				PRODUCT_BUNDLE_IDENTIFIER = com.sujal.OffsetTests;
				PRODUCT_NAME = "$(TARGET_NAME)";
				SWIFT_EMIT_LOC_STRINGS = NO;
				SWIFT_VERSION = 5.0;
				TARGETED_DEVICE_FAMILY = "1,2";
				TEST_HOST = "$(BUILT_PRODUCTS_DIR)/Offset.app/$(BUNDLE_EXECUTABLE_FOLDER_PATH)/Offset";
			};
			name = Debug;
		};
		8BC5E77C30531C6300A118E1 /* Release */ = {
			isa = XCBuildConfiguration;
			buildSettings = {
				BUNDLE_LOADER = "$(TEST_HOST)";
				CODE_SIGN_STYLE = Automatic;
				CURRENT_PROJECT_VERSION = 7;
				DEVELOPMENT_TEAM = R468B3M52S;
				GENERATE_INFOPLIST_FILE = YES;
				IPHONEOS_DEPLOYMENT_TARGET = 16.0;
				MARKETING_VERSION = 1.0;
				PRODUCT_BUNDLE_IDENTIFIER = com.sujal.OffsetTests;
				PRODUCT_NAME = "$(TARGET_NAME)";
				SWIFT_EMIT_LOC_STRINGS = NO;
				SWIFT_VERSION = 5.0;
				TARGETED_DEVICE_FAMILY = "1,2";
				TEST_HOST = "$(BUILT_PRODUCTS_DIR)/Offset.app/$(BUNDLE_EXECUTABLE_FOLDER_PATH)/Offset";
			};
			name = Release;
		};
		8BC5E77E30531C6300A118E1 /* Debug */ = {
			isa = XCBuildConfiguration;
			buildSettings = {
				CODE_SIGN_STYLE = Automatic;
				CURRENT_PROJECT_VERSION = 7;
				DEVELOPMENT_TEAM = R468B3M52S;
				GENERATE_INFOPLIST_FILE = YES;
				MARKETING_VERSION = 1.0;
				PRODUCT_BUNDLE_IDENTIFIER = com.sujal.OffsetUITests;
				PRODUCT_NAME = "$(TARGET_NAME)";
				SWIFT_EMIT_LOC_STRINGS = NO;
				SWIFT_VERSION = 5.0;
				TARGETED_DEVICE_FAMILY = "1,2";
				TEST_TARGET_NAME = Offset;
			};
			name = Debug;
		};
		8BC5E77F30531C6300A118E1 /* Release */ = {
			isa = XCBuildConfiguration;
			buildSettings = {
				CODE_SIGN_STYLE = Automatic;
				CURRENT_PROJECT_VERSION = 7;
				DEVELOPMENT_TEAM = R468B3M52S;
				GENERATE_INFOPLIST_FILE = YES;
				MARKETING_VERSION = 1.0;
				PRODUCT_BUNDLE_IDENTIFIER = com.sujal.OffsetUITests;
				PRODUCT_NAME = "$(TARGET_NAME)";
				SWIFT_EMIT_LOC_STRINGS = NO;
				SWIFT_VERSION = 5.0;
				TARGETED_DEVICE_FAMILY = "1,2";
				TEST_TARGET_NAME = Offset;
			};
			name = Release;
		};
		8BC5E79C30531E9A00A118E1 /* Debug */ = {
			isa = XCBuildConfiguration;
			buildSettings = {
				APPLICATION_EXTENSION_API_ONLY = YES;
				CODE_SIGN_ENTITLEMENTS = OneSignalNotificationServiceExtension/OneSignalNotificationServiceExtension.entitlements;
				CODE_SIGN_STYLE = Automatic;
				CURRENT_PROJECT_VERSION = 7;
				DEVELOPMENT_TEAM = R468B3M52S;
				GENERATE_INFOPLIST_FILE = NO;
				INFOPLIST_FILE = OneSignalNotificationServiceExtension/Info.plist;
				IPHONEOS_DEPLOYMENT_TARGET = 16.0;
				MARKETING_VERSION = 1.0;
				PRODUCT_BUNDLE_IDENTIFIER = com.sujal.Offset.OneSignalNotificationServiceExtension;
				PRODUCT_NAME = "$(TARGET_NAME)";
				SKIP_INSTALL = YES;
				SWIFT_EMIT_LOC_STRINGS = NO;
				SWIFT_VERSION = 5.0;
				TARGETED_DEVICE_FAMILY = "1,2";
			};
			name = Debug;
		};
		8BC5E79D30531E9A00A118E1 /* Release */ = {
			isa = XCBuildConfiguration;
			buildSettings = {
				APPLICATION_EXTENSION_API_ONLY = YES;
				CODE_SIGN_ENTITLEMENTS = OneSignalNotificationServiceExtension/OneSignalNotificationServiceExtension.entitlements;
				CODE_SIGN_STYLE = Automatic;
				CURRENT_PROJECT_VERSION = 7;
				DEVELOPMENT_TEAM = R468B3M52S;
				GENERATE_INFOPLIST_FILE = NO;
				INFOPLIST_FILE = OneSignalNotificationServiceExtension/Info.plist;
				IPHONEOS_DEPLOYMENT_TARGET = 16.0;
				MARKETING_VERSION = 1.0;
				PRODUCT_BUNDLE_IDENTIFIER = com.sujal.Offset.OneSignalNotificationServiceExtension;
				PRODUCT_NAME = "$(TARGET_NAME)";
				SKIP_INSTALL = YES;
				SWIFT_EMIT_LOC_STRINGS = NO;
				SWIFT_TREAT_WARNINGS_AS_ERRORS = YES;
				SWIFT_VERSION = 5.0;
				TARGETED_DEVICE_FAMILY = "1,2";
			};
			name = Release;
		};
/* End XCBuildConfiguration section */

/* Begin XCConfigurationList section */
		8BC5E75030531C6000A118E1 /* Build configuration list for PBXProject "Offset" */ = {
			isa = XCConfigurationList;
			buildConfigurations = (
				8BC5E77530531C6300A118E1 /* Debug */,
				8BC5E77630531C6300A118E1 /* Release */,
			);
			defaultConfigurationIsVisible = 0;
			defaultConfigurationName = Release;
		};
		8BC5E77730531C6300A118E1 /* Build configuration list for PBXNativeTarget "Offset" */ = {
			isa = XCConfigurationList;
			buildConfigurations = (
				8BC5E77830531C6300A118E1 /* Debug */,
				8BC5E77930531C6300A118E1 /* Release */,
			);
			defaultConfigurationIsVisible = 0;
			defaultConfigurationName = Release;
		};
		8BC5E77A30531C6300A118E1 /* Build configuration list for PBXNativeTarget "OffsetTests" */ = {
			isa = XCConfigurationList;
			buildConfigurations = (
				8BC5E77B30531C6300A118E1 /* Debug */,
				8BC5E77C30531C6300A118E1 /* Release */,
			);
			defaultConfigurationIsVisible = 0;
			defaultConfigurationName = Release;
		};
		8BC5E77D30531C6300A118E1 /* Build configuration list for PBXNativeTarget "OffsetUITests" */ = {
			isa = XCConfigurationList;
			buildConfigurations = (
				8BC5E77E30531C6300A118E1 /* Debug */,
				8BC5E77F30531C6300A118E1 /* Release */,
			);
			defaultConfigurationIsVisible = 0;
			defaultConfigurationName = Release;
		};
		8BC5E79E30531E9A00A118E1 /* Build configuration list for PBXNativeTarget "OneSignalNotificationServiceExtension" */ = {
			isa = XCConfigurationList;
			buildConfigurations = (
				8BC5E79C30531E9A00A118E1 /* Debug */,
				8BC5E79D30531E9A00A118E1 /* Release */,
			);
			defaultConfigurationIsVisible = 0;
			defaultConfigurationName = Release;
		};
/* End XCConfigurationList section */

/* Begin XCRemoteSwiftPackageReference section */
		8BC5E78030531E9A00A118E1 /* XCRemoteSwiftPackageReference "purchases-ios-spm" */ = {
			isa = XCRemoteSwiftPackageReference;
			repositoryURL = "https://github.com/RevenueCat/purchases-ios-spm.git";
			requirement = {
				kind = upToNextMajorVersion;
				minimumVersion = 5.89.0;
			};
		};
		8BC5E78630531E9A00A118E1 /* XCRemoteSwiftPackageReference "OneSignal-XCFramework" */ = {
			isa = XCRemoteSwiftPackageReference;
			repositoryURL = "https://github.com/OneSignal/OneSignal-XCFramework";
			requirement = {
				kind = exactVersion;
				version = 5.5.1;
			};
		};
/* End XCRemoteSwiftPackageReference section */

/* Begin XCSwiftPackageProductDependency section */
		8BC5E78130531E9A00A118E1 /* RevenueCat */ = {
			isa = XCSwiftPackageProductDependency;
			package = 8BC5E78030531E9A00A118E1 /* XCRemoteSwiftPackageReference "purchases-ios-spm" */;
			productName = RevenueCat;
		};
		8BC5E78330531E9A00A118E1 /* RevenueCatUI */ = {
			isa = XCSwiftPackageProductDependency;
			package = 8BC5E78030531E9A00A118E1 /* XCRemoteSwiftPackageReference "purchases-ios-spm" */;
			productName = RevenueCatUI;
		};
		8BC5E78730531E9A00A118E1 /* OneSignalFramework */ = {
			isa = XCSwiftPackageProductDependency;
			package = 8BC5E78630531E9A00A118E1 /* XCRemoteSwiftPackageReference "OneSignal-XCFramework" */;
			productName = OneSignalFramework;
		};
		8BC5E79F30531E9A00A118E1 /* OneSignalExtension */ = {
			isa = XCSwiftPackageProductDependency;
			package = 8BC5E78630531E9A00A118E1 /* XCRemoteSwiftPackageReference "OneSignal-XCFramework" */;
			productName = OneSignalExtension;
		};
/* End XCSwiftPackageProductDependency section */
	};
	rootObject = 8BC5E74D30531C6000A118E1 /* Project object */;
}
